
Microsoft Visual Studio Solution File, Format Version 12.00
# Visual Studio Version 16
VisualStudioVersion = 16.0.31025.194
MinimumVisualStudioVersion = 10.0.40219.1
Project("{FAE04EC0-301F-11D3-BF4B-00C04F79EFBC}") = "SecondMVC", "SecondMVC\SecondMVC.csproj", "{6C088432-1953-47DE-8E7B-8BAFD3F02C93}"
EndProject
Global
	GlobalSection(SolutionConfigurationPlatforms) = preSolution
		Debug|Any CPU = Debug|Any CPU
		Release|Any CPU = Release|Any CPU
	EndGlobalSection
	GlobalSection(ProjectConfigurationPlatforms) = postSolution
		{6C088432-1953-47DE-8E7B-8BAFD3F02C93}.Debug|Any CPU.ActiveCfg = Debug|Any CPU
		{6C088432-1953-47DE-8E7B-8BAFD3F02C93}.Debug|Any CPU.Build.0 = Debug|Any CPU
		{6C088432-1953-47DE-8E7B-8BAFD3F02C93}.Release|Any CPU.ActiveCfg = Release|Any CPU
		{6C088432-1953-47DE-8E7B-8BAFD3F02C93}.Release|Any CPU.Build.0 = Release|Any CPU
	EndGlobalSection
	GlobalSection(SolutionProperties) = preSolution
		HideSolutionNode = FALSE
	EndGlobalSection
	GlobalSection(ExtensibilityGlobals) = postSolution
		SolutionGuid = {6D891AEE-EEBF-494A-9622-B17F55D84FBF}
	EndGlobalSection
EndGlobal
